
Microsoft Visual Studio Solution File, Format Version 12.00
# Visual Studio Version 17
VisualStudioVersion = 17.5.33502.453
MinimumVisualStudioVersion = 10.0.40219.1
Project("{FAE04EC0-301F-11D3-BF4B-00C04F79EFBC}") = "StudentManagerApi", "StudentManagerApi\StudentManagerApi.csproj", "{EBDF68DB-4040-4518-8A99-83D5DA1C25AD}"
EndProject
Global
	GlobalSection(SolutionConfigurationPlatforms) = preSolution
		Debug|Any CPU = Debug|Any CPU
		Release|Any CPU = Release|Any CPU
	EndGlobalSection
	GlobalSection(ProjectConfigurationPlatforms) = postSolution
		{EBDF68DB-4040-4518-8A99-83D5DA1C25AD}.Debug|Any CPU.ActiveCfg = Debug|Any CPU
		{EBDF68DB-4040-4518-8A99-83D5DA1C25AD}.Debug|Any CPU.Build.0 = Debug|Any CPU
		{EBDF68DB-4040-4518-8A99-83D5DA1C25AD}.Release|Any CPU.ActiveCfg = Release|Any CPU
		{EBDF68DB-4040-4518-8A99-83D5DA1C25AD}.Release|Any CPU.Build.0 = Release|Any CPU
	EndGlobalSection
	GlobalSection(SolutionProperties) = preSolution
		HideSolutionNode = FALSE
	EndGlobalSection
	GlobalSection(ExtensibilityGlobals) = postSolution
		SolutionGuid = {9E8EA452-8A02-47B5-8774-9F7742872539}
	EndGlobalSection
EndGlobal
